
Microsoft Visual Studio Solution File, Format Version 12.00
# Visual Studio Version 17
VisualStudioVersion = 17.9.34607.119
MinimumVisualStudioVersion = 10.0.40219.1
Project("{888888A0-9F3D-457C-B088-3A5042F75D52}") = "emo_detector", "emo_detector.pyproj", "{E6BCC75D-1CB6-4FAE-8149-B97EE03172B0}"
EndProject
Global
	GlobalSection(SolutionConfigurationPlatforms) = preSolution
		Debug|Any CPU = Debug|Any CPU
		Release|Any CPU = Release|Any CPU
	EndGlobalSection
	GlobalSection(ProjectConfigurationPlatforms) = postSolution
		{E6BCC75D-1CB6-4FAE-8149-B97EE03172B0}.Debug|Any CPU.ActiveCfg = Debug|Any CPU
		{E6BCC75D-1CB6-4FAE-8149-B97EE03172B0}.Release|Any CPU.ActiveCfg = Release|Any CPU
	EndGlobalSection
	GlobalSection(SolutionProperties) = preSolution
		HideSolutionNode = FALSE
	EndGlobalSection
	GlobalSection(ExtensibilityGlobals) = postSolution
		SolutionGuid = {D2BD2704-1B0D-4952-A85D-F709D6A989E4}
	EndGlobalSection
EndGlobal
